
Microsoft Visual Studio Solution File, Format Version 12.00
# Visual Studio Version 17
VisualStudioVersion = 17.2.32516.85
MinimumVisualStudioVersion = 10.0.40219.1
Project("{9A19103F-16F7-4668-BE54-9A1E7A4F7556}") = "EmployeePayroll", "EmployeePayroll\EmployeePayroll.csproj", "{26D561EF-25ED-4720-B657-413122E5260E}"
EndProject
Global
	GlobalSection(SolutionConfigurationPlatforms) = preSolution
		Debug|Any CPU = Debug|Any CPU
		Release|Any CPU = Release|Any CPU
	EndGlobalSection
	GlobalSection(ProjectConfigurationPlatforms) = postSolution
		{26D561EF-25ED-4720-B657-413122E5260E}.Debug|Any CPU.ActiveCfg = Debug|Any CPU
		{26D561EF-25ED-4720-B657-413122E5260E}.Debug|Any CPU.Build.0 = Debug|Any CPU
		{26D561EF-25ED-4720-B657-413122E5260E}.Release|Any CPU.ActiveCfg = Release|Any CPU
		{26D561EF-25ED-4720-B657-413122E5260E}.Release|Any CPU.Build.0 = Release|Any CPU
	EndGlobalSection
	GlobalSection(SolutionProperties) = preSolution
		HideSolutionNode = FALSE
	EndGlobalSection
	GlobalSection(ExtensibilityGlobals) = postSolution
		SolutionGuid = {8B93494B-58B4-4E84-8D5D-A8C71E97BE5F}
	EndGlobalSection
EndGlobal
